{
  "nodes": {
    "nixpkgs": {
      "locked": {
        "lastModified": 1731239293,
        "narHash": "sha256-q2yjIWFFcTzp5REWQUOU9L6kHdCDmFDpqeix86SOvDc=",
        "path": "/nix/store/9g88fck8ggiah5znz5xn2kxzfr6l7cdq-source",
        "rev": "9256f7c71a195ebe7a218043d9f93390d49e6884",
        "type": "path"
      },
      "original": {
        "id": "nixpkgs",
        "type": "indirect"
      }
    },
    "root": {
      "inputs": {
        "nixpkgs": "nixpkgs"
      }
    }
  },
  "root": "root",
  "version": 7
}
