{
  "nodes": {
    "nixpkgs": {
      "locked": {
        "lastModified": 1723665253,
        "narHash": "sha256-BNrFQzCFK4C0ndrVjbCqBjK1+uCCiPFL/9WqwQam020=",
        "path": "/nix/store/l7fx19fykrppj82csyix5zbn63vafjcq-source",
        "rev": "d9f52b4f78402c455604f929b3db64d669c65858",
        "type": "path"
      },
      "original": {
        "id": "nixpkgs",
        "type": "indirect"
      }
    },
    "root": {
      "inputs": {
        "nixpkgs": "nixpkgs"
      }
    }
  },
  "root": "root",
  "version": 7
}
